// !$*UTF8*$!
{
	archiveVersion = 1;
	classes = {
	};
	objectVersion = 77;
	objects = {

/* Begin PBXBuildFile section */
		52FBC0303013ADB3005414B9 /* LightstreamerClientCompact in Frameworks */ = {isa = PBXBuildFile; productRef = B50000022F00000500000002 /* LightstreamerClientCompact */; };
		A20000102F00000200000010 /* ISSTrackerWidget.appex in Embed Foundation Extensions */ = {isa = PBXBuildFile; fileRef = A20000012F00000200000001 /* ISSTrackerWidget.appex */; settings = {ATTRIBUTES = (RemoveHeadersOnCopy, ); }; };
/* End PBXBuildFile section */

/* Begin PBXContainerItemProxy section */
		A20000112F00000200000011 /* PBXContainerItemProxy */ = {
			isa = PBXContainerItemProxy;
			containerPortal = A100000A2F0000010000000A /* Project object */;
			proxyType = 1;
			remoteGlobalIDString = A20000062F00000200000006;
			remoteInfo = ISSTrackerWidget;
		};
		A400000A2F0000040000000A /* PBXContainerItemProxy */ = {
			isa = PBXContainerItemProxy;
			containerPortal = A100000A2F0000010000000A /* Project object */;
			proxyType = 1;
			remoteGlobalIDString = A10000062F00000100000006;
			remoteInfo = ISSTracker;
		};
/* End PBXContainerItemProxy section */

/* Begin PBXCopyFilesBuildPhase section */
		A20000122F00000200000012 /* Embed Foundation Extensions */ = {
			isa = PBXCopyFilesBuildPhase;
			buildActionMask = 2147483647;
			dstPath = "";
			dstSubfolderSpec = 13;
			files = (
				A20000102F00000200000010 /* ISSTrackerWidget.appex in Embed Foundation Extensions */,
			);
			name = "Embed Foundation Extensions";
			runOnlyForDeploymentPostprocessing = 0;
		};
/* End PBXCopyFilesBuildPhase section */

/* Begin PBXFileReference section */
		A10000012F00000100000001 /* ISSTracker.app */ = {isa = PBXFileReference; explicitFileType = wrapper.application; includeInIndex = 0; path = ISSTracker.app; sourceTree = BUILT_PRODUCTS_DIR; };
		A20000012F00000200000001 /* ISSTrackerWidget.appex */ = {isa = PBXFileReference; explicitFileType = "wrapper.app-extension"; includeInIndex = 0; path = ISSTrackerWidget.appex; sourceTree = BUILT_PRODUCTS_DIR; };
		A30000012F00000300000001 /* Secrets.xcconfig */ = {isa = PBXFileReference; lastKnownFileType = text.xcconfig; path = Secrets.xcconfig; sourceTree = "<group>"; };
		A30000022F00000300000002 /* Secrets.xcconfig.example */ = {isa = PBXFileReference; lastKnownFileType = text.xcconfig; path = Secrets.xcconfig.example; sourceTree = "<group>"; };
		A30000042F00000300000004 /* ISSTracker-Info.plist */ = {isa = PBXFileReference; lastKnownFileType = text.plist.xml; path = "ISSTracker-Info.plist"; sourceTree = "<group>"; };
		A40000012F00000400000001 /* ISSTrackerTests.xctest */ = {isa = PBXFileReference; explicitFileType = wrapper.cfbundle; includeInIndex = 0; path = ISSTrackerTests.xctest; sourceTree = BUILT_PRODUCTS_DIR; };
/* End PBXFileReference section */

/* Begin PBXFileSystemSynchronizedRootGroup section */
		A10000022F00000100000002 /* ISSTracker */ = {
			isa = PBXFileSystemSynchronizedRootGroup;
			path = ISSTracker;
			sourceTree = "<group>";
		};
		A20000022F00000200000002 /* ISSTrackerWidget */ = {
			isa = PBXFileSystemSynchronizedRootGroup;
			path = ISSTrackerWidget;
			sourceTree = "<group>";
		};
		A40000022F00000400000002 /* ISSTrackerTests */ = {
			isa = PBXFileSystemSynchronizedRootGroup;
			path = ISSTrackerTests;
			sourceTree = "<group>";
		};
		B60000012F00000600000001 /* ISSShared */ = {
			isa = PBXFileSystemSynchronizedRootGroup;
			path = ISSShared;
			sourceTree = "<group>";
		};
/* End PBXFileSystemSynchronizedRootGroup section */

/* Begin PBXFrameworksBuildPhase section */
		A10000032F00000100000003 /* Frameworks */ = {
			isa = PBXFrameworksBuildPhase;
			buildActionMask = 2147483647;
			files = (
				52FBC0303013ADB3005414B9 /* LightstreamerClientCompact in Frameworks */,
			);
			runOnlyForDeploymentPostprocessing = 0;
		};
		A20000032F00000200000003 /* Frameworks */ = {
			isa = PBXFrameworksBuildPhase;
			buildActionMask = 2147483647;
			files = (
			);
			runOnlyForDeploymentPostprocessing = 0;
		};
		A40000032F00000400000003 /* Frameworks */ = {
			isa = PBXFrameworksBuildPhase;
			buildActionMask = 2147483647;
			files = (
			);
			runOnlyForDeploymentPostprocessing = 0;
		};
/* End PBXFrameworksBuildPhase section */

/* Begin PBXGroup section */
		A10000042F00000100000004 = {
			isa = PBXGroup;
			children = (
				A10000022F00000100000002 /* ISSTracker */,
				A20000022F00000200000002 /* ISSTrackerWidget */,
				A40000022F00000400000002 /* ISSTrackerTests */,
				B60000012F00000600000001 /* ISSShared */,
				A30000032F00000300000003 /* Config */,
				A10000052F00000100000005 /* Products */,
			);
			sourceTree = "<group>";
		};
		A10000052F00000100000005 /* Products */ = {
			isa = PBXGroup;
			children = (
				A10000012F00000100000001 /* ISSTracker.app */,
				A20000012F00000200000001 /* ISSTrackerWidget.appex */,
				A40000012F00000400000001 /* ISSTrackerTests.xctest */,
			);
			name = Products;
			sourceTree = "<group>";
		};
		A30000032F00000300000003 /* Config */ = {
			isa = PBXGroup;
			children = (
				A30000042F00000300000004 /* ISSTracker-Info.plist */,
				A30000022F00000300000002 /* Secrets.xcconfig.example */,
				A30000012F00000300000001 /* Secrets.xcconfig */,
			);
			path = Config;
			sourceTree = "<group>";
		};
/* End PBXGroup section */

/* Begin PBXNativeTarget section */
		A10000062F00000100000006 /* ISSTracker */ = {
			isa = PBXNativeTarget;
			buildConfigurationList = A10000072F00000100000007 /* Build configuration list for PBXNativeTarget "ISSTracker" */;
			buildPhases = (
				A10000082F00000100000008 /* Sources */,
				A10000032F00000100000003 /* Frameworks */,
				A10000092F00000100000009 /* Resources */,
				A20000122F00000200000012 /* Embed Foundation Extensions */,
			);
			buildRules = (
			);
			dependencies = (
				A20000132F00000200000013 /* PBXTargetDependency */,
			);
			fileSystemSynchronizedGroups = (
				A10000022F00000100000002 /* ISSTracker */,
				B60000012F00000600000001 /* ISSShared */,
			);
			name = ISSTracker;
			packageProductDependencies = (
				B50000022F00000500000002 /* LightstreamerClientCompact */,
			);
			productName = ISSTracker;
			productReference = A10000012F00000100000001 /* ISSTracker.app */;
			productType = "com.apple.product-type.application";
		};
		A20000062F00000200000006 /* ISSTrackerWidget */ = {
			isa = PBXNativeTarget;
			buildConfigurationList = A20000072F00000200000007 /* Build configuration list for PBXNativeTarget "ISSTrackerWidget" */;
			buildPhases = (
				A20000082F00000200000008 /* Sources */,
				A20000032F00000200000003 /* Frameworks */,
				A20000092F00000200000009 /* Resources */,
			);
			buildRules = (
			);
			dependencies = (
			);
			fileSystemSynchronizedGroups = (
				A20000022F00000200000002 /* ISSTrackerWidget */,
				B60000012F00000600000001 /* ISSShared */,
			);
			name = ISSTrackerWidget;
			packageProductDependencies = (
			);
			productName = ISSTrackerWidget;
			productReference = A20000012F00000200000001 /* ISSTrackerWidget.appex */;
			productType = "com.apple.product-type.app-extension";
		};
		A40000062F00000400000006 /* ISSTrackerTests */ = {
			isa = PBXNativeTarget;
			buildConfigurationList = A40000072F00000400000007 /* Build configuration list for PBXNativeTarget "ISSTrackerTests" */;
			buildPhases = (
				A40000082F00000400000008 /* Sources */,
				A40000032F00000400000003 /* Frameworks */,
				A40000092F00000400000009 /* Resources */,
			);
			buildRules = (
			);
			dependencies = (
				A400000B2F0000040000000B /* PBXTargetDependency */,
			);
			fileSystemSynchronizedGroups = (
				A40000022F00000400000002 /* ISSTrackerTests */,
			);
			name = ISSTrackerTests;
			packageProductDependencies = (
			);
			productName = ISSTrackerTests;
			productReference = A40000012F00000400000001 /* ISSTrackerTests.xctest */;
			productType = "com.apple.product-type.bundle.unit-test";
		};
/* End PBXNativeTarget section */

/* Begin PBXProject section */
		A100000A2F0000010000000A /* Project object */ = {
			isa = PBXProject;
			attributes = {
				BuildIndependentTargetsInParallel = 1;
				LastSwiftUpdateCheck = 2600;
				LastUpgradeCheck = 2600;
				TargetAttributes = {
					A10000062F00000100000006 = {
						CreatedOnToolsVersion = 26.0;
					};
					A20000062F00000200000006 = {
						CreatedOnToolsVersion = 26.0;
					};
					A40000062F00000400000006 = {
						CreatedOnToolsVersion = 26.0;
						TestTargetID = A10000062F00000100000006;
					};
				};
			};
			buildConfigurationList = A100000B2F0000010000000B /* Build configuration list for PBXProject "ISSTracker" */;
			developmentRegion = en;
			hasScannedForEncodings = 0;
			knownRegions = (
				en,
				Base,
			);
			mainGroup = A10000042F00000100000004;
			minimizedProjectReferenceProxies = 1;
			packageReferences = (
				B50000012F00000500000001 /* XCRemoteSwiftPackageReference "Lightstreamer-lib-client-swift" */,
			);
			preferredProjectObjectVersion = 77;
			productRefGroup = A10000052F00000100000005 /* Products */;
			projectDirPath = "";
			projectRoot = "";
			targets = (
				A10000062F00000100000006 /* ISSTracker */,
				A20000062F00000200000006 /* ISSTrackerWidget */,
				A40000062F00000400000006 /* ISSTrackerTests */,
			);
		};
/* End PBXProject section */

/* Begin PBXResourcesBuildPhase section */
		A10000092F00000100000009 /* Resources */ = {
			isa = PBXResourcesBuildPhase;
			buildActionMask = 2147483647;
			files = (
			);
			runOnlyForDeploymentPostprocessing = 0;
		};
		A20000092F00000200000009 /* Resources */ = {
			isa = PBXResourcesBuildPhase;
			buildActionMask = 2147483647;
			files = (
			);
			runOnlyForDeploymentPostprocessing = 0;
		};
		A40000092F00000400000009 /* Resources */ = {
			isa = PBXResourcesBuildPhase;
			buildActionMask = 2147483647;
			files = (
			);
			runOnlyForDeploymentPostprocessing = 0;
		};
/* End PBXResourcesBuildPhase section */

/* Begin PBXSourcesBuildPhase section */
		A10000082F00000100000008 /* Sources */ = {
			isa = PBXSourcesBuildPhase;
			buildActionMask = 2147483647;
			files = (
			);
			runOnlyForDeploymentPostprocessing = 0;
		};
		A20000082F00000200000008 /* Sources */ = {
			isa = PBXSourcesBuildPhase;
			buildActionMask = 2147483647;
			files = (
			);
			runOnlyForDeploymentPostprocessing = 0;
		};
		A40000082F00000400000008 /* Sources */ = {
			isa = PBXSourcesBuildPhase;
			buildActionMask = 2147483647;
			files = (
			);
			runOnlyForDeploymentPostprocessing = 0;
		};
/* End PBXSourcesBuildPhase section */

/* Begin PBXTargetDependency section */
		A20000132F00000200000013 /* PBXTargetDependency */ = {
			isa = PBXTargetDependency;
			target = A20000062F00000200000006 /* ISSTrackerWidget */;
			targetProxy = A20000112F00000200000011 /* PBXContainerItemProxy */;
		};
		A400000B2F0000040000000B /* PBXTargetDependency */ = {
			isa = PBXTargetDependency;
			target = A10000062F00000100000006 /* ISSTracker */;
			targetProxy = A400000A2F0000040000000A /* PBXContainerItemProxy */;
		};
/* End PBXTargetDependency section */

/* Begin XCBuildConfiguration section */
		A100000C2F0000010000000C /* Debug */ = {
			isa = XCBuildConfiguration;
			baseConfigurationReference = A30000012F00000300000001 /* Secrets.xcconfig */;
			buildSettings = {
				ALWAYS_SEARCH_USER_PATHS = NO;
				ASSETCATALOG_COMPILER_GENERATE_SWIFT_ASSET_SYMBOL_EXTENSIONS = YES;
				CLANG_ENABLE_MODULES = YES;
				CLANG_ENABLE_OBJC_ARC = YES;
				COPY_PHASE_STRIP = NO;
				DEBUG_INFORMATION_FORMAT = dwarf;
				ENABLE_STRICT_OBJC_MSGSEND = YES;
				ENABLE_TESTABILITY = YES;
				GCC_DYNAMIC_NO_PIC = NO;
				GCC_OPTIMIZATION_LEVEL = 0;
				GCC_PREPROCESSOR_DEFINITIONS = (
					"DEBUG=1",
					"$(inherited)",
				);
				IPHONEOS_DEPLOYMENT_TARGET = 17.0;
				MTL_ENABLE_DEBUG_INFO = INCLUDE_SOURCE;
				ONLY_ACTIVE_ARCH = YES;
				SDKROOT = iphoneos;
				SWIFT_ACTIVE_COMPILATION_CONDITIONS = "DEBUG $(inherited)";
				SWIFT_OPTIMIZATION_LEVEL = "-Onone";
			};
			name = Debug;
		};
		A100000D2F0000010000000D /* Release */ = {
			isa = XCBuildConfiguration;
			baseConfigurationReference = A30000012F00000300000001 /* Secrets.xcconfig */;
			buildSettings = {
				ALWAYS_SEARCH_USER_PATHS = NO;
				ASSETCATALOG_COMPILER_GENERATE_SWIFT_ASSET_SYMBOL_EXTENSIONS = YES;
				CLANG_ENABLE_MODULES = YES;
				CLANG_ENABLE_OBJC_ARC = YES;
				COPY_PHASE_STRIP = NO;
				DEBUG_INFORMATION_FORMAT = "dwarf-with-dsym";
				ENABLE_NS_ASSERTIONS = NO;
				ENABLE_STRICT_OBJC_MSGSEND = YES;
				GCC_OPTIMIZATION_LEVEL = s;
				IPHONEOS_DEPLOYMENT_TARGET = 17.0;
				MTL_ENABLE_DEBUG_INFO = NO;
				SDKROOT = iphoneos;
				SWIFT_COMPILATION_MODE = wholemodule;
				VALIDATE_PRODUCT = YES;
			};
			name = Release;
		};
		A100000E2F0000010000000E /* Debug */ = {
			isa = XCBuildConfiguration;
			baseConfigurationReference = A30000012F00000300000001 /* Secrets.xcconfig */;
			buildSettings = {
				ASSETCATALOG_COMPILER_APPICON_NAME = AppIcon;
				ASSETCATALOG_COMPILER_GLOBAL_ACCENT_COLOR_NAME = AccentColor;
				CODE_SIGN_ENTITLEMENTS = ISSTracker/ISSTracker.entitlements;
				CODE_SIGN_STYLE = Automatic;
				CURRENT_PROJECT_VERSION = 1;
				DEVELOPMENT_TEAM = 52X2U8DP5Z;
				ENABLE_PREVIEWS = YES;
				GENERATE_INFOPLIST_FILE = YES;
				INFOPLIST_FILE = "Config/ISSTracker-Info.plist";
				INFOPLIST_KEY_CFBundleDisplayName = "ISS Tracker";
				INFOPLIST_KEY_NSLocationWhenInUseUsageDescription = "ISS Tracker uses your location to predict when the space station will pass overhead.";
				INFOPLIST_KEY_NSSupportsLiveActivities = YES;
				INFOPLIST_KEY_UIApplicationSceneManifest_Generation = YES;
				INFOPLIST_KEY_UIApplicationSupportsIndirectInputEvents = YES;
				INFOPLIST_KEY_UILaunchScreen_Generation = YES;
				INFOPLIST_KEY_UISupportedInterfaceOrientations_iPhone = UIInterfaceOrientationPortrait;
				INFOPLIST_KEY_UIUserInterfaceStyle = Automatic;
				LD_RUNPATH_SEARCH_PATHS = (
					"$(inherited)",
					"@executable_path/Frameworks",
				);
				MARKETING_VERSION = 1.0;
				PRODUCT_BUNDLE_IDENTIFIER = com.3pmstudios.ISSTracker;
				PRODUCT_NAME = "$(TARGET_NAME)";
				SDKROOT = iphoneos;
				SUPPORTED_PLATFORMS = "iphoneos iphonesimulator";
				SWIFT_EMIT_LOC_STRINGS = YES;
				SWIFT_VERSION = 5.0;
				TARGETED_DEVICE_FAMILY = 1;
			};
			name = Debug;
		};
		A100000F2F0000010000000F /* Release */ = {
			isa = XCBuildConfiguration;
			baseConfigurationReference = A30000012F00000300000001 /* Secrets.xcconfig */;
			buildSettings = {
				ASSETCATALOG_COMPILER_APPICON_NAME = AppIcon;
				ASSETCATALOG_COMPILER_GLOBAL_ACCENT_COLOR_NAME = AccentColor;
				CODE_SIGN_ENTITLEMENTS = ISSTracker/ISSTracker.entitlements;
				CODE_SIGN_STYLE = Automatic;
				CURRENT_PROJECT_VERSION = 1;
				DEVELOPMENT_TEAM = 52X2U8DP5Z;
				ENABLE_PREVIEWS = YES;
				GENERATE_INFOPLIST_FILE = YES;
				INFOPLIST_FILE = "Config/ISSTracker-Info.plist";
				INFOPLIST_KEY_CFBundleDisplayName = "ISS Tracker";
				INFOPLIST_KEY_NSLocationWhenInUseUsageDescription = "ISS Tracker uses your location to predict when the space station will pass overhead.";
				INFOPLIST_KEY_NSSupportsLiveActivities = YES;
				INFOPLIST_KEY_UIApplicationSceneManifest_Generation = YES;
				INFOPLIST_KEY_UIApplicationSupportsIndirectInputEvents = YES;
				INFOPLIST_KEY_UILaunchScreen_Generation = YES;
				INFOPLIST_KEY_UISupportedInterfaceOrientations_iPhone = UIInterfaceOrientationPortrait;
				INFOPLIST_KEY_UIUserInterfaceStyle = Automatic;
				LD_RUNPATH_SEARCH_PATHS = (
					"$(inherited)",
					"@executable_path/Frameworks",
				);
				MARKETING_VERSION = 1.0;
				PRODUCT_BUNDLE_IDENTIFIER = com.3pmstudios.ISSTracker;
				PRODUCT_NAME = "$(TARGET_NAME)";
				SDKROOT = iphoneos;
				SUPPORTED_PLATFORMS = "iphoneos iphonesimulator";
				SWIFT_EMIT_LOC_STRINGS = YES;
				SWIFT_VERSION = 5.0;
				TARGETED_DEVICE_FAMILY = 1;
			};
			name = Release;
		};
		A200000E2F0000020000000E /* Debug */ = {
			isa = XCBuildConfiguration;
			buildSettings = {
				CODE_SIGN_ENTITLEMENTS = ISSTrackerWidget/ISSTrackerWidget.entitlements;
				CODE_SIGN_STYLE = Automatic;
				CURRENT_PROJECT_VERSION = 1;
				DEVELOPMENT_TEAM = 52X2U8DP5Z;
				GENERATE_INFOPLIST_FILE = NO;
				INFOPLIST_FILE = "Config/ISSTrackerWidget-Info.plist";
				IPHONEOS_DEPLOYMENT_TARGET = 17.0;
				LD_RUNPATH_SEARCH_PATHS = (
					"$(inherited)",
					"@executable_path/Frameworks",
					"@executable_path/../../Frameworks",
				);
				MARKETING_VERSION = 1.0;
				PRODUCT_BUNDLE_IDENTIFIER = com.3pmstudios.ISSTracker.ISSTrackerWidget;
				PRODUCT_NAME = "$(TARGET_NAME)";
				SDKROOT = iphoneos;
				SKIP_INSTALL = YES;
				SUPPORTED_PLATFORMS = "iphoneos iphonesimulator";
				SWIFT_EMIT_LOC_STRINGS = YES;
				SWIFT_VERSION = 5.0;
				TARGETED_DEVICE_FAMILY = 1;
			};
			name = Debug;
		};
		A200000F2F0000020000000F /* Release */ = {
			isa = XCBuildConfiguration;
			buildSettings = {
				CODE_SIGN_ENTITLEMENTS = ISSTrackerWidget/ISSTrackerWidget.entitlements;
				CODE_SIGN_STYLE = Automatic;
				CURRENT_PROJECT_VERSION = 1;
				DEVELOPMENT_TEAM = 52X2U8DP5Z;
				GENERATE_INFOPLIST_FILE = NO;
				INFOPLIST_FILE = "Config/ISSTrackerWidget-Info.plist";
				IPHONEOS_DEPLOYMENT_TARGET = 17.0;
				LD_RUNPATH_SEARCH_PATHS = (
					"$(inherited)",
					"@executable_path/Frameworks",
					"@executable_path/../../Frameworks",
				);
				MARKETING_VERSION = 1.0;
				PRODUCT_BUNDLE_IDENTIFIER = com.3pmstudios.ISSTracker.ISSTrackerWidget;
				PRODUCT_NAME = "$(TARGET_NAME)";
				SDKROOT = iphoneos;
				SKIP_INSTALL = YES;
				SUPPORTED_PLATFORMS = "iphoneos iphonesimulator";
				SWIFT_EMIT_LOC_STRINGS = YES;
				SWIFT_VERSION = 5.0;
				TARGETED_DEVICE_FAMILY = 1;
			};
			name = Release;
		};
		A400000E2F0000040000000E /* Debug */ = {
			isa = XCBuildConfiguration;
			buildSettings = {
				BUNDLE_LOADER = "$(TEST_HOST)";
				CODE_SIGN_STYLE = Automatic;
				CURRENT_PROJECT_VERSION = 1;
				DEVELOPMENT_TEAM = HF9W68H6LN;
				GENERATE_INFOPLIST_FILE = YES;
				IPHONEOS_DEPLOYMENT_TARGET = 17.0;
				LD_RUNPATH_SEARCH_PATHS = (
					"$(inherited)",
					"@executable_path/Frameworks",
					"@loader_path/Frameworks",
				);
				MARKETING_VERSION = 1.0;
				PRODUCT_BUNDLE_IDENTIFIER = com.3pmstudios.ISSTrackerTests;
				PRODUCT_NAME = "$(TARGET_NAME)";
				SDKROOT = iphoneos;
				SUPPORTED_PLATFORMS = "iphoneos iphonesimulator";
				SWIFT_VERSION = 5.0;
				TARGETED_DEVICE_FAMILY = 1;
				TEST_HOST = "$(BUILT_PRODUCTS_DIR)/ISSTracker.app/$(BUNDLE_EXECUTABLE_FOLDER_PATH)/ISSTracker";
			};
			name = Debug;
		};
		A400000F2F0000040000000F /* Release */ = {
			isa = XCBuildConfiguration;
			buildSettings = {
				BUNDLE_LOADER = "$(TEST_HOST)";
				CODE_SIGN_STYLE = Automatic;
				CURRENT_PROJECT_VERSION = 1;
				DEVELOPMENT_TEAM = HF9W68H6LN;
				GENERATE_INFOPLIST_FILE = YES;
				IPHONEOS_DEPLOYMENT_TARGET = 17.0;
				LD_RUNPATH_SEARCH_PATHS = (
					"$(inherited)",
					"@executable_path/Frameworks",
					"@loader_path/Frameworks",
				);
				MARKETING_VERSION = 1.0;
				PRODUCT_BUNDLE_IDENTIFIER = com.3pmstudios.ISSTrackerTests;
				PRODUCT_NAME = "$(TARGET_NAME)";
				SDKROOT = iphoneos;
				SUPPORTED_PLATFORMS = "iphoneos iphonesimulator";
				SWIFT_VERSION = 5.0;
				TARGETED_DEVICE_FAMILY = 1;
				TEST_HOST = "$(BUILT_PRODUCTS_DIR)/ISSTracker.app/$(BUNDLE_EXECUTABLE_FOLDER_PATH)/ISSTracker";
			};
			name = Release;
		};
/* End XCBuildConfiguration section */

/* Begin XCConfigurationList section */
		A10000072F00000100000007 /* Build configuration list for PBXNativeTarget "ISSTracker" */ = {
			isa = XCConfigurationList;
			buildConfigurations = (
				A100000E2F0000010000000E /* Debug */,
				A100000F2F0000010000000F /* Release */,
			);
			defaultConfigurationIsVisible = 0;
			defaultConfigurationName = Release;
		};
		A100000B2F0000010000000B /* Build configuration list for PBXProject "ISSTracker" */ = {
			isa = XCConfigurationList;
			buildConfigurations = (
				A100000C2F0000010000000C /* Debug */,
				A100000D2F0000010000000D /* Release */,
			);
			defaultConfigurationIsVisible = 0;
			defaultConfigurationName = Release;
		};
		A20000072F00000200000007 /* Build configuration list for PBXNativeTarget "ISSTrackerWidget" */ = {
			isa = XCConfigurationList;
			buildConfigurations = (
				A200000E2F0000020000000E /* Debug */,
				A200000F2F0000020000000F /* Release */,
			);
			defaultConfigurationIsVisible = 0;
			defaultConfigurationName = Release;
		};
		A40000072F00000400000007 /* Build configuration list for PBXNativeTarget "ISSTrackerTests" */ = {
			isa = XCConfigurationList;
			buildConfigurations = (
				A400000E2F0000040000000E /* Debug */,
				A400000F2F0000040000000F /* Release */,
			);
			defaultConfigurationIsVisible = 0;
			defaultConfigurationName = Release;
		};
/* End XCConfigurationList section */

/* Begin XCRemoteSwiftPackageReference section */
		B50000012F00000500000001 /* XCRemoteSwiftPackageReference "Lightstreamer-lib-client-swift" */ = {
			isa = XCRemoteSwiftPackageReference;
			repositoryURL = "https://github.com/Lightstreamer/Lightstreamer-lib-client-swift.git";
			requirement = {
				kind = upToNextMajorVersion;
				minimumVersion = 6.4.0;
			};
		};
/* End XCRemoteSwiftPackageReference section */

/* Begin XCSwiftPackageProductDependency section */
		B50000022F00000500000002 /* LightstreamerClientCompact */ = {
			isa = XCSwiftPackageProductDependency;
			package = B50000012F00000500000001 /* XCRemoteSwiftPackageReference "Lightstreamer-lib-client-swift" */;
			productName = LightstreamerClientCompact;
		};
/* End XCSwiftPackageProductDependency section */
	};
	rootObject = A100000A2F0000010000000A /* Project object */;
}
